// !$*UTF8*$!
{
	archiveVersion = 1;
	classes = {
	};
	objectVersion = 46;
	objects = {

/* Begin PBXBuildFile section */
		3BBC200219A7A1E10026DED4 /* PopupViewController.m in Sources */ = {isa = PBXBuildFile; fileRef = 3BBC200019A7A1E10026DED4 /* PopupViewController.m */; };
		3BC771C119A78F6A00365C05 /* Foundation.framework in Frameworks */ = {isa = PBXBuildFile; fileRef = 3BC771C019A78F6A00365C05 /* Foundation.framework */; };
		3BC771C319A78F6A00365C05 /* CoreGraphics.framework in Frameworks */ = {isa = PBXBuildFile; fileRef = 3BC771C219A78F6A00365C05 /* CoreGraphics.framework */; };
		3BC771C519A78F6A00365C05 /* UIKit.framework in Frameworks */ = {isa = PBXBuildFile; fileRef = 3BC771C419A78F6A00365C05 /* UIKit.framework */; };
		3BC771CB19A78F6A00365C05 /* InfoPlist.strings in Resources */ = {isa = PBXBuildFile; fileRef = 3BC771C919A78F6A00365C05 /* InfoPlist.strings */; };
		3BC771CD19A78F6A00365C05 /* main.m in Sources */ = {isa = PBXBuildFile; fileRef = 3BC771CC19A78F6A00365C05 /* main.m */; };
		3BC771D119A78F6A00365C05 /* AppDelegate.m in Sources */ = {isa = PBXBuildFile; fileRef = 3BC771D019A78F6A00365C05 /* AppDelegate.m */; };
		3BC771D419A78F6A00365C05 /* Main.storyboard in Resources */ = {isa = PBXBuildFile; fileRef = 3BC771D219A78F6A00365C05 /* Main.storyboard */; };
		3BC771D719A78F6A00365C05 /* ViewController.m in Sources */ = {isa = PBXBuildFile; fileRef = 3BC771D619A78F6A00365C05 /* ViewController.m */; };
		3BC771D919A78F6A00365C05 /* Images.xcassets in Resources */ = {isa = PBXBuildFile; fileRef = 3BC771D819A78F6A00365C05 /* Images.xcassets */; };
/* End PBXBuildFile section */

/* Begin PBXFileReference section */
		3BBC1FFF19A7A1E10026DED4 /* PopupViewController.h */ = {isa = PBXFileReference; fileEncoding = 4; lastKnownFileType = sourcecode.c.h; path = PopupViewController.h; sourceTree = "<group>"; };
		3BBC200019A7A1E10026DED4 /* PopupViewController.m */ = {isa = PBXFileReference; fileEncoding = 4; lastKnownFileType = sourcecode.c.objc; path = PopupViewController.m; sourceTree = "<group>"; };
		3BC771BD19A78F6A00365C05 /* Popup.app */ = {isa = PBXFileReference; explicitFileType = wrapper.application; includeInIndex = 0; path = Popup.app; sourceTree = BUILT_PRODUCTS_DIR; };
		3BC771C019A78F6A00365C05 /* Foundation.framework */ = {isa = PBXFileReference; lastKnownFileType = wrapper.framework; name = Foundation.framework; path = System/Library/Frameworks/Foundation.framework; sourceTree = SDKROOT; };
		3BC771C219A78F6A00365C05 /* CoreGraphics.framework */ = {isa = PBXFileReference; lastKnownFileType = wrapper.framework; name = CoreGraphics.framework; path = System/Library/Frameworks/CoreGraphics.framework; sourceTree = SDKROOT; };
		3BC771C419A78F6A00365C05 /* UIKit.framework */ = {isa = PBXFileReference; lastKnownFileType = wrapper.framework; name = UIKit.framework; path = System/Library/Frameworks/UIKit.framework; sourceTree = SDKROOT; };
		3BC771C819A78F6A00365C05 /* Popup-Info.plist */ = {isa = PBXFileReference; lastKnownFileType = text.plist.xml; path = "Popup-Info.plist"; sourceTree = "<group>"; };
		3BC771CA19A78F6A00365C05 /* en */ = {isa = PBXFileReference; lastKnownFileType = text.plist.strings; name = en; path = en.lproj/InfoPlist.strings; sourceTree = "<group>"; };
		3BC771CC19A78F6A00365C05 /* main.m */ = {isa = PBXFileReference; lastKnownFileType = sourcecode.c.objc; path = main.m; sourceTree = "<group>"; };
		3BC771CE19A78F6A00365C05 /* Popup-Prefix.pch */ = {isa = PBXFileReference; lastKnownFileType = sourcecode.c.h; path = "Popup-Prefix.pch"; sourceTree = "<group>"; };
		3BC771CF19A78F6A00365C05 /* AppDelegate.h */ = {isa = PBXFileReference; lastKnownFileType = sourcecode.c.h; path = AppDelegate.h; sourceTree = "<group>"; };
		3BC771D019A78F6A00365C05 /* AppDelegate.m */ = {isa = PBXFileReference; lastKnownFileType = sourcecode.c.objc; path = AppDelegate.m; sourceTree = "<group>"; };
		3BC771D319A78F6A00365C05 /* Base */ = {isa = PBXFileReference; lastKnownFileType = file.storyboard; name = Base; path = Base.lproj/Main.storyboard; sourceTree = "<group>"; };
		3BC771D519A78F6A00365C05 /* ViewController.h */ = {isa = PBXFileReference; lastKnownFileType = sourcecode.c.h; path = ViewController.h; sourceTree = "<group>"; };
		3BC771D619A78F6A00365C05 /* ViewController.m */ = {isa = PBXFileReference; lastKnownFileType = sourcecode.c.objc; path = ViewController.m; sourceTree = "<group>"; };
		3BC771D819A78F6A00365C05 /* Images.xcassets */ = {isa = PBXFileReference; lastKnownFileType = folder.assetcatalog; path = Images.xcassets; sourceTree = "<group>"; };
		3BC771DF19A78F6B00365C05 /* XCTest.framework */ = {isa = PBXFileReference; lastKnownFileType = wrapper.framework; name = XCTest.framework; path = Library/Frameworks/XCTest.framework; sourceTree = DEVELOPER_DIR; };
/* End PBXFileReference section */

/* Begin PBXFrameworksBuildPhase section */
		3BC771BA19A78F6A00365C05 /* Frameworks */ = {
			isa = PBXFrameworksBuildPhase;
			buildActionMask = 2147483647;
			files = (
				3BC771C319A78F6A00365C05 /* CoreGraphics.framework in Frameworks */,
				3BC771C519A78F6A00365C05 /* UIKit.framework in Frameworks */,
				3BC771C119A78F6A00365C05 /* Foundation.framework in Frameworks */,
			);
			runOnlyForDeploymentPostprocessing = 0;
		};
/* End PBXFrameworksBuildPhase section */

/* Begin PBXGroup section */
		3BC771B419A78F6A00365C05 = {
			isa = PBXGroup;
			children = (
				3BC771C619A78F6A00365C05 /* Popup */,
				3BC771BF19A78F6A00365C05 /* Frameworks */,
				3BC771BE19A78F6A00365C05 /* Products */,
			);
			sourceTree = "<group>";
		};
		3BC771BE19A78F6A00365C05 /* Products */ = {
			isa = PBXGroup;
			children = (
				3BC771BD19A78F6A00365C05 /* Popup.app */,
			);
			name = Products;
			sourceTree = "<group>";
		};
		3BC771BF19A78F6A00365C05 /* Frameworks */ = {
			isa = PBXGroup;
			children = (
				3BC771C019A78F6A00365C05 /* Foundation.framework */,
				3BC771C219A78F6A00365C05 /* CoreGraphics.framework */,
				3BC771C419A78F6A00365C05 /* UIKit.framework */,
				3BC771DF19A78F6B00365C05 /* XCTest.framework */,
			);
			name = Frameworks;
			sourceTree = "<group>";
		};
		3BC771C619A78F6A00365C05 /* Popup */ = {
			isa = PBXGroup;
			children = (
				3BC771F819A7941B00365C05 /* Popup */,
				3BC771CF19A78F6A00365C05 /* AppDelegate.h */,
				3BC771D019A78F6A00365C05 /* AppDelegate.m */,
				3BC771D219A78F6A00365C05 /* Main.storyboard */,
				3BC771D519A78F6A00365C05 /* ViewController.h */,
				3BC771D619A78F6A00365C05 /* ViewController.m */,
				3BC771D819A78F6A00365C05 /* Images.xcassets */,
				3BC771C719A78F6A00365C05 /* Supporting Files */,
			);
			path = Popup;
			sourceTree = "<group>";
		};
		3BC771C719A78F6A00365C05 /* Supporting Files */ = {
			isa = PBXGroup;
			children = (
				3BC771C819A78F6A00365C05 /* Popup-Info.plist */,
				3BC771C919A78F6A00365C05 /* InfoPlist.strings */,
				3BC771CC19A78F6A00365C05 /* main.m */,
				3BC771CE19A78F6A00365C05 /* Popup-Prefix.pch */,
			);
			name = "Supporting Files";
			sourceTree = "<group>";
		};
		3BC771F819A7941B00365C05 /* Popup */ = {
			isa = PBXGroup;
			children = (
				3BBC1FFF19A7A1E10026DED4 /* PopupViewController.h */,
				3BBC200019A7A1E10026DED4 /* PopupViewController.m */,
			);
			name = Popup;
			sourceTree = "<group>";
		};
/* End PBXGroup section */

/* Begin PBXNativeTarget section */
		3BC771BC19A78F6A00365C05 /* Popup */ = {
			isa = PBXNativeTarget;
			buildConfigurationList = 3BC771EF19A78F6B00365C05 /* Build configuration list for PBXNativeTarget "Popup" */;
			buildPhases = (
				3BC771B919A78F6A00365C05 /* Sources */,
				3BC771BA19A78F6A00365C05 /* Frameworks */,
				3BC771BB19A78F6A00365C05 /* Resources */,
			);
			buildRules = (
			);
			dependencies = (
			);
			name = Popup;
			productName = Popup;
			productReference = 3BC771BD19A78F6A00365C05 /* Popup.app */;
			productType = "com.apple.product-type.application";
		};
/* End PBXNativeTarget section */

/* Begin PBXProject section */
		3BC771B519A78F6A00365C05 /* Project object */ = {
			isa = PBXProject;
			attributes = {
				LastUpgradeCheck = 0510;
				ORGANIZATIONNAME = Taka;
			};
			buildConfigurationList = 3BC771B819A78F6A00365C05 /* Build configuration list for PBXProject "Popup" */;
			compatibilityVersion = "Xcode 3.2";
			developmentRegion = English;
			hasScannedForEncodings = 0;
			knownRegions = (
				en,
				Base,
			);
			mainGroup = 3BC771B419A78F6A00365C05;
			productRefGroup = 3BC771BE19A78F6A00365C05 /* Products */;
			projectDirPath = "";
			projectRoot = "";
			targets = (
				3BC771BC19A78F6A00365C05 /* Popup */,
			);
		};
/* End PBXProject section */

/* Begin PBXResourcesBuildPhase section */
		3BC771BB19A78F6A00365C05 /* Resources */ = {
			isa = PBXResourcesBuildPhase;
			buildActionMask = 2147483647;
			files = (
				3BC771D919A78F6A00365C05 /* Images.xcassets in Resources */,
				3BC771CB19A78F6A00365C05 /* InfoPlist.strings in Resources */,
				3BC771D419A78F6A00365C05 /* Main.storyboard in Resources */,
			);
			runOnlyForDeploymentPostprocessing = 0;
		};
/* End PBXResourcesBuildPhase section */

/* Begin PBXSourcesBuildPhase section */
		3BC771B919A78F6A00365C05 /* Sources */ = {
			isa = PBXSourcesBuildPhase;
			buildActionMask = 2147483647;
			files = (
				3BBC200219A7A1E10026DED4 /* PopupViewController.m in Sources */,
				3BC771D719A78F6A00365C05 /* ViewController.m in Sources */,
				3BC771D119A78F6A00365C05 /* AppDelegate.m in Sources */,
				3BC771CD19A78F6A00365C05 /* main.m in Sources */,
			);
			runOnlyForDeploymentPostprocessing = 0;
		};
/* End PBXSourcesBuildPhase section */

/* Begin PBXVariantGroup section */
		3BC771C919A78F6A00365C05 /* InfoPlist.strings */ = {
			isa = PBXVariantGroup;
			children = (
				3BC771CA19A78F6A00365C05 /* en */,
			);
			name = InfoPlist.strings;
			sourceTree = "<group>";
		};
		3BC771D219A78F6A00365C05 /* Main.storyboard */ = {
			isa = PBXVariantGroup;
			children = (
				3BC771D319A78F6A00365C05 /* Base */,
			);
			name = Main.storyboard;
			sourceTree = "<group>";
		};
/* End PBXVariantGroup section */

/* Begin XCBuildConfiguration section */
		3BC771ED19A78F6B00365C05 /* Debug */ = {
			isa = XCBuildConfiguration;
			buildSettings = {
				ALWAYS_SEARCH_USER_PATHS = NO;
				CLANG_CXX_LANGUAGE_STANDARD = "gnu++0x";
				CLANG_CXX_LIBRARY = "libc++";
				CLANG_ENABLE_MODULES = YES;
				CLANG_ENABLE_OBJC_ARC = YES;
				CLANG_WARN_BOOL_CONVERSION = YES;
				CLANG_WARN_CONSTANT_CONVERSION = YES;
				CLANG_WARN_DIRECT_OBJC_ISA_USAGE = YES_ERROR;
				CLANG_WARN_EMPTY_BODY = YES;
				CLANG_WARN_ENUM_CONVERSION = YES;
				CLANG_WARN_INT_CONVERSION = YES;
				CLANG_WARN_OBJC_ROOT_CLASS = YES_ERROR;
				CLANG_WARN__DUPLICATE_METHOD_MATCH = YES;
				"CODE_SIGN_IDENTITY[sdk=iphoneos*]" = "iPhone Developer";
				COPY_PHASE_STRIP = NO;
				GCC_C_LANGUAGE_STANDARD = gnu99;
				GCC_DYNAMIC_NO_PIC = NO;
				GCC_OPTIMIZATION_LEVEL = 0;
				GCC_PREPROCESSOR_DEFINITIONS = (
					"DEBUG=1",
					"$(inherited)",
				);
				GCC_SYMBOLS_PRIVATE_EXTERN = NO;
				GCC_WARN_64_TO_32_BIT_CONVERSION = YES;
				GCC_WARN_ABOUT_RETURN_TYPE = YES_ERROR;
				GCC_WARN_UNDECLARED_SELECTOR = YES;
				GCC_WARN_UNINITIALIZED_AUTOS = YES_AGGRESSIVE;
				GCC_WARN_UNUSED_FUNCTION = YES;
				GCC_WARN_UNUSED_VARIABLE = YES;
				IPHONEOS_DEPLOYMENT_TARGET = 7.1;
				ONLY_ACTIVE_ARCH = YES;
				SDKROOT = iphoneos;
			};
			name = Debug;
		};
		3BC771EE19A78F6B00365C05 /* Release */ = {
			isa = XCBuildConfiguration;
			buildSettings = {
				ALWAYS_SEARCH_USER_PATHS = NO;
				CLANG_CXX_LANGUAGE_STANDARD = "gnu++0x";
				CLANG_CXX_LIBRARY = "libc++";
				CLANG_ENABLE_MODULES = YES;
				CLANG_ENABLE_OBJC_ARC = YES;
				CLANG_WARN_BOOL_CONVERSION = YES;
				CLANG_WARN_CONSTANT_CONVERSION = YES;
				CLANG_WARN_DIRECT_OBJC_ISA_USAGE = YES_ERROR;
				CLANG_WARN_EMPTY_BODY = YES;
				CLANG_WARN_ENUM_CONVERSION = YES;
				CLANG_WARN_INT_CONVERSION = YES;
				CLANG_WARN_OBJC_ROOT_CLASS = YES_ERROR;
				CLANG_WARN__DUPLICATE_METHOD_MATCH = YES;
				"CODE_SIGN_IDENTITY[sdk=iphoneos*]" = "iPhone Developer";
				COPY_PHASE_STRIP = YES;
				ENABLE_NS_ASSERTIONS = NO;
				GCC_C_LANGUAGE_STANDARD = gnu99;
				GCC_WARN_64_TO_32_BIT_CONVERSION = YES;
				GCC_WARN_ABOUT_RETURN_TYPE = YES_ERROR;
				GCC_WARN_UNDECLARED_SELECTOR = YES;
				GCC_WARN_UNINITIALIZED_AUTOS = YES_AGGRESSIVE;
				GCC_WARN_UNUSED_FUNCTION = YES;
				GCC_WARN_UNUSED_VARIABLE = YES;
				IPHONEOS_DEPLOYMENT_TARGET = 7.1;
				SDKROOT = iphoneos;
				VALIDATE_PRODUCT = YES;
			};
			name = Release;
		};
		3BC771F019A78F6B00365C05 /* Debug */ = {
			isa = XCBuildConfiguration;
			buildSettings = {
				ASSETCATALOG_COMPILER_APPICON_NAME = AppIcon;
				ASSETCATALOG_COMPILER_LAUNCHIMAGE_NAME = LaunchImage;
				GCC_PRECOMPILE_PREFIX_HEADER = YES;
				GCC_PREFIX_HEADER = "Popup/Popup-Prefix.pch";
				INFOPLIST_FILE = "Popup/Popup-Info.plist";
				PRODUCT_NAME = "$(TARGET_NAME)";
				WRAPPER_EXTENSION = app;
			};
			name = Debug;
		};
		3BC771F119A78F6B00365C05 /* Release */ = {
			isa = XCBuildConfiguration;
			buildSettings = {
				ASSETCATALOG_COMPILER_APPICON_NAME = AppIcon;
				ASSETCATALOG_COMPILER_LAUNCHIMAGE_NAME = LaunchImage;
				GCC_PRECOMPILE_PREFIX_HEADER = YES;
				GCC_PREFIX_HEADER = "Popup/Popup-Prefix.pch";
				INFOPLIST_FILE = "Popup/Popup-Info.plist";
				PRODUCT_NAME = "$(TARGET_NAME)";
				WRAPPER_EXTENSION = app;
			};
			name = Release;
		};
/* End XCBuildConfiguration section */

/* Begin XCConfigurationList section */
		3BC771B819A78F6A00365C05 /* Build configuration list for PBXProject "Popup" */ = {
			isa = XCConfigurationList;
			buildConfigurations = (
				3BC771ED19A78F6B00365C05 /* Debug */,
				3BC771EE19A78F6B00365C05 /* Release */,
			);
			defaultConfigurationIsVisible = 0;
			defaultConfigurationName = Release;
		};
		3BC771EF19A78F6B00365C05 /* Build configuration list for PBXNativeTarget "Popup" */ = {
			isa = XCConfigurationList;
			buildConfigurations = (
				3BC771F019A78F6B00365C05 /* Debug */,
				3BC771F119A78F6B00365C05 /* Release */,
			);
			defaultConfigurationIsVisible = 0;
			defaultConfigurationName = Release;
		};
/* End XCConfigurationList section */
	};
	rootObject = 3BC771B519A78F6A00365C05 /* Project object */;
}
